// !$*UTF8*$!
{
	archiveVersion = 1;
	classes = {
	};
	objectVersion = 55;
	objects = {

/* Begin PBXBuildFile section */
		16B56C0A63E8043FBAB9C26D /* Pods_catsPOCSwft.framework in Frameworks */ = {isa = PBXBuildFile; fileRef = 5680DFC70E2E162D5B5FD09B /* Pods_catsPOCSwft.framework */; };
		16C1FAD936A12005D24AD83F /* Pods_catsPOCSwft_catsPOCSwftUITests.framework in Frameworks */ = {isa = PBXBuildFile; fileRef = 880A00E8AE87324C4EFAD071 /* Pods_catsPOCSwft_catsPOCSwftUITests.framework */; };
		6BBF0256CD884083F2C8E7E9 /* Pods_catsPOCSwftTests.framework in Frameworks */ = {isa = PBXBuildFile; fileRef = 65D8F60E0160D1534940CCE0 /* Pods_catsPOCSwftTests.framework */; };
		7211198F286542A300CF33CD /* Helpers.swift in Sources */ = {isa = PBXBuildFile; fileRef = 7211198E286542A300CF33CD /* Helpers.swift */; };
		7220A165285D1F1E003E5436 /* BreedDetailsViewController.swift in Sources */ = {isa = PBXBuildFile; fileRef = 7220A164285D1F1E003E5436 /* BreedDetailsViewController.swift */; };
		7220A168285D2E8F003E5436 /* CategoryDetailsViewController.swift in Sources */ = {isa = PBXBuildFile; fileRef = 7220A167285D2E8F003E5436 /* CategoryDetailsViewController.swift */; };
		7220A16A285D5317003E5436 /* CategoryDetailsCollectionViewCell.swift in Sources */ = {isa = PBXBuildFile; fileRef = 7220A169285D5317003E5436 /* CategoryDetailsCollectionViewCell.swift */; };
		725EE3C9285A9B820066B6D0 /* BreedsViewController.swift in Sources */ = {isa = PBXBuildFile; fileRef = 725EE3C8285A9B820066B6D0 /* BreedsViewController.swift */; };
		725EE3CB285A9B9C0066B6D0 /* CategoriesViewController.swift in Sources */ = {isa = PBXBuildFile; fileRef = 725EE3CA285A9B9C0066B6D0 /* CategoriesViewController.swift */; };
		725EE3CD285A9BA50066B6D0 /* ImagesViewController.swift in Sources */ = {isa = PBXBuildFile; fileRef = 725EE3CC285A9BA50066B6D0 /* ImagesViewController.swift */; };
		725EE3CF285A9BB80066B6D0 /* VideoViewController.swift in Sources */ = {isa = PBXBuildFile; fileRef = 725EE3CE285A9BB80066B6D0 /* VideoViewController.swift */; };
		725EE3D3285AAE8D0066B6D0 /* Breeds.swift in Sources */ = {isa = PBXBuildFile; fileRef = 725EE3D2285AAE8D0066B6D0 /* Breeds.swift */; };
		7262F845286278AE00B08DC0 /* pagerViewController.swift in Sources */ = {isa = PBXBuildFile; fileRef = 7262F844286278AE00B08DC0 /* pagerViewController.swift */; };
		7262F84A2862898000B08DC0 /* LottieViewController.swift in Sources */ = {isa = PBXBuildFile; fileRef = 7262F8492862898000B08DC0 /* LottieViewController.swift */; };
		7262F84C28628DF800B08DC0 /* slide-1.json in Resources */ = {isa = PBXBuildFile; fileRef = 7262F84B28628DF800B08DC0 /* slide-1.json */; };
		7262F84F286290D800B08DC0 /* slide-3.json in Resources */ = {isa = PBXBuildFile; fileRef = 7262F84D286290D800B08DC0 /* slide-3.json */; };
		7262F852286290E800B08DC0 /* slide-2.json in Resources */ = {isa = PBXBuildFile; fileRef = 7262F851286290E700B08DC0 /* slide-2.json */; };
		728F5417285A86CE0083268F /* AppDelegate.swift in Sources */ = {isa = PBXBuildFile; fileRef = 728F5416285A86CE0083268F /* AppDelegate.swift */; };
		728F5419285A86CE0083268F /* SceneDelegate.swift in Sources */ = {isa = PBXBuildFile; fileRef = 728F5418285A86CE0083268F /* SceneDelegate.swift */; };
		728F541B285A86CE0083268F /* HomeScreenViewController.swift in Sources */ = {isa = PBXBuildFile; fileRef = 728F541A285A86CE0083268F /* HomeScreenViewController.swift */; };
		728F541E285A86CE0083268F /* Main.storyboard in Resources */ = {isa = PBXBuildFile; fileRef = 728F541C285A86CE0083268F /* Main.storyboard */; };
		728F5420285A86D00083268F /* Assets.xcassets in Resources */ = {isa = PBXBuildFile; fileRef = 728F541F285A86D00083268F /* Assets.xcassets */; };
		728F5423285A86D00083268F /* LaunchScreen.storyboard in Resources */ = {isa = PBXBuildFile; fileRef = 728F5421285A86D00083268F /* LaunchScreen.storyboard */; };
		728F542E285A86D10083268F /* catsPOCSwftTests.swift in Sources */ = {isa = PBXBuildFile; fileRef = 728F542D285A86D10083268F /* catsPOCSwftTests.swift */; };
		728F5438285A86D10083268F /* catsPOCSwftUITests.swift in Sources */ = {isa = PBXBuildFile; fileRef = 728F5437285A86D10083268F /* catsPOCSwftUITests.swift */; };
		728F543A285A86D10083268F /* catsPOCSwftUITestsLaunchTests.swift in Sources */ = {isa = PBXBuildFile; fileRef = 728F5439285A86D10083268F /* catsPOCSwftUITestsLaunchTests.swift */; };
		72C63144285BEEB100E52F00 /* BreedCollectionViewCell.swift in Sources */ = {isa = PBXBuildFile; fileRef = 72C63143285BEEB100E52F00 /* BreedCollectionViewCell.swift */; };
		72C63147285C008B00E52F00 /* CategoriesCollectionViewCell.swift in Sources */ = {isa = PBXBuildFile; fileRef = 72C63146285C008B00E52F00 /* CategoriesCollectionViewCell.swift */; };
		72C6314A285C01C100E52F00 /* Categories.swift in Sources */ = {isa = PBXBuildFile; fileRef = 72C63149285C01C100E52F00 /* Categories.swift */; };
		72C6314C285C0CBA00E52F00 /* API.swift in Sources */ = {isa = PBXBuildFile; fileRef = 72C6314B285C0CBA00E52F00 /* API.swift */; };
/* End PBXBuildFile section */

/* Begin PBXContainerItemProxy section */
		728F542A285A86D10083268F /* PBXContainerItemProxy */ = {
			isa = PBXContainerItemProxy;
			containerPortal = 728F540B285A86CE0083268F /* Project object */;
			proxyType = 1;
			remoteGlobalIDString = 728F5412285A86CE0083268F;
			remoteInfo = catsPOCSwft;
		};
		728F5434285A86D10083268F /* PBXContainerItemProxy */ = {
			isa = PBXContainerItemProxy;
			containerPortal = 728F540B285A86CE0083268F /* Project object */;
			proxyType = 1;
			remoteGlobalIDString = 728F5412285A86CE0083268F;
			remoteInfo = catsPOCSwft;
		};
/* End PBXContainerItemProxy section */

/* Begin PBXFileReference section */
		1CFCB56F169C769A9F6F9433 /* Pods-catsPOCSwftTests.release.xcconfig */ = {isa = PBXFileReference; includeInIndex = 1; lastKnownFileType = text.xcconfig; name = "Pods-catsPOCSwftTests.release.xcconfig"; path = "Target Support Files/Pods-catsPOCSwftTests/Pods-catsPOCSwftTests.release.xcconfig"; sourceTree = "<group>"; };
		2CE1A8D216EEA73DCF65E462 /* Pods-catsPOCSwft-catsPOCSwftUITests.release.xcconfig */ = {isa = PBXFileReference; includeInIndex = 1; lastKnownFileType = text.xcconfig; name = "Pods-catsPOCSwft-catsPOCSwftUITests.release.xcconfig"; path = "Target Support Files/Pods-catsPOCSwft-catsPOCSwftUITests/Pods-catsPOCSwft-catsPOCSwftUITests.release.xcconfig"; sourceTree = "<group>"; };
		5680DFC70E2E162D5B5FD09B /* Pods_catsPOCSwft.framework */ = {isa = PBXFileReference; explicitFileType = wrapper.framework; includeInIndex = 0; path = Pods_catsPOCSwft.framework; sourceTree = BUILT_PRODUCTS_DIR; };
		65D8F60E0160D1534940CCE0 /* Pods_catsPOCSwftTests.framework */ = {isa = PBXFileReference; explicitFileType = wrapper.framework; includeInIndex = 0; path = Pods_catsPOCSwftTests.framework; sourceTree = BUILT_PRODUCTS_DIR; };
		7211198E286542A300CF33CD /* Helpers.swift */ = {isa = PBXFileReference; lastKnownFileType = sourcecode.swift; path = Helpers.swift; sourceTree = "<group>"; };
		7220A164285D1F1E003E5436 /* BreedDetailsViewController.swift */ = {isa = PBXFileReference; lastKnownFileType = sourcecode.swift; path = BreedDetailsViewController.swift; sourceTree = "<group>"; };
		7220A167285D2E8F003E5436 /* CategoryDetailsViewController.swift */ = {isa = PBXFileReference; lastKnownFileType = sourcecode.swift; path = CategoryDetailsViewController.swift; sourceTree = "<group>"; };
		7220A169285D5317003E5436 /* CategoryDetailsCollectionViewCell.swift */ = {isa = PBXFileReference; lastKnownFileType = sourcecode.swift; path = CategoryDetailsCollectionViewCell.swift; sourceTree = "<group>"; };
		725EE3C8285A9B820066B6D0 /* BreedsViewController.swift */ = {isa = PBXFileReference; lastKnownFileType = sourcecode.swift; path = BreedsViewController.swift; sourceTree = "<group>"; };
		725EE3CA285A9B9C0066B6D0 /* CategoriesViewController.swift */ = {isa = PBXFileReference; lastKnownFileType = sourcecode.swift; path = CategoriesViewController.swift; sourceTree = "<group>"; };
		725EE3CC285A9BA50066B6D0 /* ImagesViewController.swift */ = {isa = PBXFileReference; lastKnownFileType = sourcecode.swift; path = ImagesViewController.swift; sourceTree = "<group>"; };
		725EE3CE285A9BB80066B6D0 /* VideoViewController.swift */ = {isa = PBXFileReference; lastKnownFileType = sourcecode.swift; path = VideoViewController.swift; sourceTree = "<group>"; };
		725EE3D2285AAE8D0066B6D0 /* Breeds.swift */ = {isa = PBXFileReference; lastKnownFileType = sourcecode.swift; path = Breeds.swift; sourceTree = "<group>"; };
		7262F844286278AE00B08DC0 /* pagerViewController.swift */ = {isa = PBXFileReference; lastKnownFileType = sourcecode.swift; path = pagerViewController.swift; sourceTree = "<group>"; };
		7262F8492862898000B08DC0 /* LottieViewController.swift */ = {isa = PBXFileReference; lastKnownFileType = sourcecode.swift; name = LottieViewController.swift; path = /Users/iconic/Desktop/catsPOCSwft/LottieViewController.swift; sourceTree = "<absolute>"; };
		7262F84B28628DF800B08DC0 /* slide-1.json */ = {isa = PBXFileReference; fileEncoding = 4; lastKnownFileType = text.json; path = "slide-1.json"; sourceTree = "<group>"; };
		7262F84D286290D800B08DC0 /* slide-3.json */ = {isa = PBXFileReference; fileEncoding = 4; lastKnownFileType = text.json; path = "slide-3.json"; sourceTree = "<group>"; };
		7262F851286290E700B08DC0 /* slide-2.json */ = {isa = PBXFileReference; fileEncoding = 4; lastKnownFileType = text.json; path = "slide-2.json"; sourceTree = "<group>"; };
		728F5413285A86CE0083268F /* catsPOCSwft.app */ = {isa = PBXFileReference; explicitFileType = wrapper.application; includeInIndex = 0; path = catsPOCSwft.app; sourceTree = BUILT_PRODUCTS_DIR; };
		728F5416285A86CE0083268F /* AppDelegate.swift */ = {isa = PBXFileReference; lastKnownFileType = sourcecode.swift; path = AppDelegate.swift; sourceTree = "<group>"; };
		728F5418285A86CE0083268F /* SceneDelegate.swift */ = {isa = PBXFileReference; lastKnownFileType = sourcecode.swift; path = SceneDelegate.swift; sourceTree = "<group>"; };
		728F541A285A86CE0083268F /* HomeScreenViewController.swift */ = {isa = PBXFileReference; lastKnownFileType = sourcecode.swift; path = HomeScreenViewController.swift; sourceTree = "<group>"; };
		728F541D285A86CE0083268F /* Base */ = {isa = PBXFileReference; lastKnownFileType = file.storyboard; name = Base; path = Base.lproj/Main.storyboard; sourceTree = "<group>"; };
		728F541F285A86D00083268F /* Assets.xcassets */ = {isa = PBXFileReference; lastKnownFileType = folder.assetcatalog; path = Assets.xcassets; sourceTree = "<group>"; };
		728F5422285A86D00083268F /* Base */ = {isa = PBXFileReference; lastKnownFileType = file.storyboard; name = Base; path = Base.lproj/LaunchScreen.storyboard; sourceTree = "<group>"; };
		728F5424285A86D00083268F /* Info.plist */ = {isa = PBXFileReference; lastKnownFileType = text.plist.xml; path = Info.plist; sourceTree = "<group>"; };
		728F5429285A86D10083268F /* catsPOCSwftTests.xctest */ = {isa = PBXFileReference; explicitFileType = wrapper.cfbundle; includeInIndex = 0; path = catsPOCSwftTests.xctest; sourceTree = BUILT_PRODUCTS_DIR; };
		728F542D285A86D10083268F /* catsPOCSwftTests.swift */ = {isa = PBXFileReference; lastKnownFileType = sourcecode.swift; path = catsPOCSwftTests.swift; sourceTree = "<group>"; };
		728F5433285A86D10083268F /* catsPOCSwftUITests.xctest */ = {isa = PBXFileReference; explicitFileType = wrapper.cfbundle; includeInIndex = 0; path = catsPOCSwftUITests.xctest; sourceTree = BUILT_PRODUCTS_DIR; };
		728F5437285A86D10083268F /* catsPOCSwftUITests.swift */ = {isa = PBXFileReference; lastKnownFileType = sourcecode.swift; path = catsPOCSwftUITests.swift; sourceTree = "<group>"; };
		728F5439285A86D10083268F /* catsPOCSwftUITestsLaunchTests.swift */ = {isa = PBXFileReference; lastKnownFileType = sourcecode.swift; path = catsPOCSwftUITestsLaunchTests.swift; sourceTree = "<group>"; };
		72C63143285BEEB100E52F00 /* BreedCollectionViewCell.swift */ = {isa = PBXFileReference; lastKnownFileType = sourcecode.swift; path = BreedCollectionViewCell.swift; sourceTree = "<group>"; };
		72C63146285C008B00E52F00 /* CategoriesCollectionViewCell.swift */ = {isa = PBXFileReference; lastKnownFileType = sourcecode.swift; path = CategoriesCollectionViewCell.swift; sourceTree = "<group>"; };
		72C63149285C01C100E52F00 /* Categories.swift */ = {isa = PBXFileReference; lastKnownFileType = sourcecode.swift; path = Categories.swift; sourceTree = "<group>"; };
		72C6314B285C0CBA00E52F00 /* API.swift */ = {isa = PBXFileReference; lastKnownFileType = sourcecode.swift; path = API.swift; sourceTree = "<group>"; };
		7AB4319E8CDFCD0C311DF50E /* Pods-catsPOCSwft-catsPOCSwftUITests.debug.xcconfig */ = {isa = PBXFileReference; includeInIndex = 1; lastKnownFileType = text.xcconfig; name = "Pods-catsPOCSwft-catsPOCSwftUITests.debug.xcconfig"; path = "Target Support Files/Pods-catsPOCSwft-catsPOCSwftUITests/Pods-catsPOCSwft-catsPOCSwftUITests.debug.xcconfig"; sourceTree = "<group>"; };
		86097206ABBB040110B26679 /* Pods-catsPOCSwft.debug.xcconfig */ = {isa = PBXFileReference; includeInIndex = 1; lastKnownFileType = text.xcconfig; name = "Pods-catsPOCSwft.debug.xcconfig"; path = "Target Support Files/Pods-catsPOCSwft/Pods-catsPOCSwft.debug.xcconfig"; sourceTree = "<group>"; };
		880A00E8AE87324C4EFAD071 /* Pods_catsPOCSwft_catsPOCSwftUITests.framework */ = {isa = PBXFileReference; explicitFileType = wrapper.framework; includeInIndex = 0; path = Pods_catsPOCSwft_catsPOCSwftUITests.framework; sourceTree = BUILT_PRODUCTS_DIR; };
		A5AD23D509CEA04B89380954 /* Pods-catsPOCSwft.release.xcconfig */ = {isa = PBXFileReference; includeInIndex = 1; lastKnownFileType = text.xcconfig; name = "Pods-catsPOCSwft.release.xcconfig"; path = "Target Support Files/Pods-catsPOCSwft/Pods-catsPOCSwft.release.xcconfig"; sourceTree = "<group>"; };
		FD2BC526AD8892E43A24F52B /* Pods-catsPOCSwftTests.debug.xcconfig */ = {isa = PBXFileReference; includeInIndex = 1; lastKnownFileType = text.xcconfig; name = "Pods-catsPOCSwftTests.debug.xcconfig"; path = "Target Support Files/Pods-catsPOCSwftTests/Pods-catsPOCSwftTests.debug.xcconfig"; sourceTree = "<group>"; };
/* End PBXFileReference section */

/* Begin PBXFrameworksBuildPhase section */
		728F5410285A86CE0083268F /* Frameworks */ = {
			isa = PBXFrameworksBuildPhase;
			buildActionMask = 2147483647;
			files = (
				16B56C0A63E8043FBAB9C26D /* Pods_catsPOCSwft.framework in Frameworks */,
			);
			runOnlyForDeploymentPostprocessing = 0;
		};
		728F5426285A86D10083268F /* Frameworks */ = {
			isa = PBXFrameworksBuildPhase;
			buildActionMask = 2147483647;
			files = (
				6BBF0256CD884083F2C8E7E9 /* Pods_catsPOCSwftTests.framework in Frameworks */,
			);
			runOnlyForDeploymentPostprocessing = 0;
		};
		728F5430285A86D10083268F /* Frameworks */ = {
			isa = PBXFrameworksBuildPhase;
			buildActionMask = 2147483647;
			files = (
				16C1FAD936A12005D24AD83F /* Pods_catsPOCSwft_catsPOCSwftUITests.framework in Frameworks */,
			);
			runOnlyForDeploymentPostprocessing = 0;
		};
/* End PBXFrameworksBuildPhase section */

/* Begin PBXGroup section */
		1E21F42BDBB7F4CB39C4675F /* Frameworks */ = {
			isa = PBXGroup;
			children = (
				5680DFC70E2E162D5B5FD09B /* Pods_catsPOCSwft.framework */,
				880A00E8AE87324C4EFAD071 /* Pods_catsPOCSwft_catsPOCSwftUITests.framework */,
				65D8F60E0160D1534940CCE0 /* Pods_catsPOCSwftTests.framework */,
			);
			name = Frameworks;
			sourceTree = "<group>";
		};
		1F63928CB1A4C8332F52C1F2 /* Pods */ = {
			isa = PBXGroup;
			children = (
				86097206ABBB040110B26679 /* Pods-catsPOCSwft.debug.xcconfig */,
				A5AD23D509CEA04B89380954 /* Pods-catsPOCSwft.release.xcconfig */,
				7AB4319E8CDFCD0C311DF50E /* Pods-catsPOCSwft-catsPOCSwftUITests.debug.xcconfig */,
				2CE1A8D216EEA73DCF65E462 /* Pods-catsPOCSwft-catsPOCSwftUITests.release.xcconfig */,
				FD2BC526AD8892E43A24F52B /* Pods-catsPOCSwftTests.debug.xcconfig */,
				1CFCB56F169C769A9F6F9433 /* Pods-catsPOCSwftTests.release.xcconfig */,
			);
			path = Pods;
			sourceTree = "<group>";
		};
		721119902865458A00CF33CD /* Default */ = {
			isa = PBXGroup;
			children = (
				728F5416285A86CE0083268F /* AppDelegate.swift */,
				728F5418285A86CE0083268F /* SceneDelegate.swift */,
				728F541A285A86CE0083268F /* HomeScreenViewController.swift */,
			);
			path = Default;
			sourceTree = "<group>";
		};
		7220A166285D1F24003E5436 /* Details */ = {
			isa = PBXGroup;
			children = (
				7220A164285D1F1E003E5436 /* BreedDetailsViewController.swift */,
				7220A167285D2E8F003E5436 /* CategoryDetailsViewController.swift */,
			);
			path = Details;
			sourceTree = "<group>";
		};
		725EE3D1285A9C4D0066B6D0 /* View Controllers */ = {
			isa = PBXGroup;
			children = (
				725EE3C8285A9B820066B6D0 /* BreedsViewController.swift */,
				725EE3CA285A9B9C0066B6D0 /* CategoriesViewController.swift */,
				725EE3CC285A9BA50066B6D0 /* ImagesViewController.swift */,
				725EE3CE285A9BB80066B6D0 /* VideoViewController.swift */,
			);
			path = "View Controllers";
			sourceTree = "<group>";
		};
		7262F8532862946800B08DC0 /* Lotties */ = {
			isa = PBXGroup;
			children = (
				7262F84B28628DF800B08DC0 /* slide-1.json */,
				7262F84D286290D800B08DC0 /* slide-3.json */,
				7262F851286290E700B08DC0 /* slide-2.json */,
			);
			path = Lotties;
			sourceTree = "<group>";
		};
		7262F8542862948A00B08DC0 /* Pager */ = {
			isa = PBXGroup;
			children = (
				7262F8492862898000B08DC0 /* LottieViewController.swift */,
				7262F844286278AE00B08DC0 /* pagerViewController.swift */,
			);
			path = Pager;
			sourceTree = "<group>";
		};
		728F540A285A86CE0083268F = {
			isa = PBXGroup;
			children = (
				728F5415285A86CE0083268F /* catsPOCSwft */,
				728F542C285A86D10083268F /* catsPOCSwftTests */,
				728F5436285A86D10083268F /* catsPOCSwftUITests */,
				728F5414285A86CE0083268F /* Products */,
				1F63928CB1A4C8332F52C1F2 /* Pods */,
				1E21F42BDBB7F4CB39C4675F /* Frameworks */,
			);
			sourceTree = "<group>";
		};
		728F5414285A86CE0083268F /* Products */ = {
			isa = PBXGroup;
			children = (
				728F5413285A86CE0083268F /* catsPOCSwft.app */,
				728F5429285A86D10083268F /* catsPOCSwftTests.xctest */,
				728F5433285A86D10083268F /* catsPOCSwftUITests.xctest */,
			);
			name = Products;
			sourceTree = "<group>";
		};
		728F5415285A86CE0083268F /* catsPOCSwft */ = {
			isa = PBXGroup;
			children = (
				728F5421285A86D00083268F /* LaunchScreen.storyboard */,
				728F541C285A86CE0083268F /* Main.storyboard */,
				728F541F285A86D00083268F /* Assets.xcassets */,
				7211198E286542A300CF33CD /* Helpers.swift */,
				721119902865458A00CF33CD /* Default */,
				7262F8532862946800B08DC0 /* Lotties */,
				7262F8542862948A00B08DC0 /* Pager */,
				7220A166285D1F24003E5436 /* Details */,
				725EE3D1285A9C4D0066B6D0 /* View Controllers */,
				72C63145285C006100E52F00 /* Cells */,
				728F5424285A86D00083268F /* Info.plist */,
				72C63148285C01B000E52F00 /* Interfaces */,
			);
			path = catsPOCSwft;
			sourceTree = "<group>";
		};
		728F542C285A86D10083268F /* catsPOCSwftTests */ = {
			isa = PBXGroup;
			children = (
				728F542D285A86D10083268F /* catsPOCSwftTests.swift */,
			);
			path = catsPOCSwftTests;
			sourceTree = "<group>";
		};
		728F5436285A86D10083268F /* catsPOCSwftUITests */ = {
			isa = PBXGroup;
			children = (
				728F5437285A86D10083268F /* catsPOCSwftUITests.swift */,
				728F5439285A86D10083268F /* catsPOCSwftUITestsLaunchTests.swift */,
			);
			path = catsPOCSwftUITests;
			sourceTree = "<group>";
		};
		72C63145285C006100E52F00 /* Cells */ = {
			isa = PBXGroup;
			children = (
				72C63143285BEEB100E52F00 /* BreedCollectionViewCell.swift */,
				72C63146285C008B00E52F00 /* CategoriesCollectionViewCell.swift */,
				7220A169285D5317003E5436 /* CategoryDetailsCollectionViewCell.swift */,
			);
			path = Cells;
			sourceTree = "<group>";
		};
		72C63148285C01B000E52F00 /* Interfaces */ = {
			isa = PBXGroup;
			children = (
				725EE3D2285AAE8D0066B6D0 /* Breeds.swift */,
				72C63149285C01C100E52F00 /* Categories.swift */,
				72C6314B285C0CBA00E52F00 /* API.swift */,
			);
			path = Interfaces;
			sourceTree = "<group>";
		};
/* End PBXGroup section */

/* Begin PBXNativeTarget section */
		728F5412285A86CE0083268F /* catsPOCSwft */ = {
			isa = PBXNativeTarget;
			buildConfigurationList = 728F543D285A86D10083268F /* Build configuration list for PBXNativeTarget "catsPOCSwft" */;
			buildPhases = (
				AD6DF607F90361CBA2468A5B /* [CP] Check Pods Manifest.lock */,
				728F540F285A86CE0083268F /* Sources */,
				728F5410285A86CE0083268F /* Frameworks */,
				728F5411285A86CE0083268F /* Resources */,
				F5D643CD34340C2839CFBF68 /* [CP] Embed Pods Frameworks */,
			);
			buildRules = (
			);
			dependencies = (
			);
			name = catsPOCSwft;
			productName = catsPOCSwft;
			productReference = 728F5413285A86CE0083268F /* catsPOCSwft.app */;
			productType = "com.apple.product-type.application";
		};
		728F5428285A86D10083268F /* catsPOCSwftTests */ = {
			isa = PBXNativeTarget;
			buildConfigurationList = 728F5440285A86D10083268F /* Build configuration list for PBXNativeTarget "catsPOCSwftTests" */;
			buildPhases = (
				82F9BE43AA86B7B96E2EAFF6 /* [CP] Check Pods Manifest.lock */,
				728F5425285A86D10083268F /* Sources */,
				728F5426285A86D10083268F /* Frameworks */,
				728F5427285A86D10083268F /* Resources */,
			);
			buildRules = (
			);
			dependencies = (
				728F542B285A86D10083268F /* PBXTargetDependency */,
			);
			name = catsPOCSwftTests;
			productName = catsPOCSwftTests;
			productReference = 728F5429285A86D10083268F /* catsPOCSwftTests.xctest */;
			productType = "com.apple.product-type.bundle.unit-test";
		};
		728F5432285A86D10083268F /* catsPOCSwftUITests */ = {
			isa = PBXNativeTarget;
			buildConfigurationList = 728F5443285A86D10083268F /* Build configuration list for PBXNativeTarget "catsPOCSwftUITests" */;
			buildPhases = (
				12B69CD0E287DBEE8CC81000 /* [CP] Check Pods Manifest.lock */,
				728F542F285A86D10083268F /* Sources */,
				728F5430285A86D10083268F /* Frameworks */,
				728F5431285A86D10083268F /* Resources */,
				FFF2322AF5472E615EBE2F05 /* [CP] Embed Pods Frameworks */,
			);
			buildRules = (
			);
			dependencies = (
				728F5435285A86D10083268F /* PBXTargetDependency */,
			);
			name = catsPOCSwftUITests;
			productName = catsPOCSwftUITests;
			productReference = 728F5433285A86D10083268F /* catsPOCSwftUITests.xctest */;
			productType = "com.apple.product-type.bundle.ui-testing";
		};
/* End PBXNativeTarget section */

/* Begin PBXProject section */
		728F540B285A86CE0083268F /* Project object */ = {
			isa = PBXProject;
			attributes = {
				BuildIndependentTargetsInParallel = 1;
				LastSwiftUpdateCheck = 1330;
				LastUpgradeCheck = 1330;
				TargetAttributes = {
					728F5412285A86CE0083268F = {
						CreatedOnToolsVersion = 13.3.1;
					};
					728F5428285A86D10083268F = {
						CreatedOnToolsVersion = 13.3.1;
						TestTargetID = 728F5412285A86CE0083268F;
					};
					728F5432285A86D10083268F = {
						CreatedOnToolsVersion = 13.3.1;
						TestTargetID = 728F5412285A86CE0083268F;
					};
				};
			};
			buildConfigurationList = 728F540E285A86CE0083268F /* Build configuration list for PBXProject "catsPOCSwft" */;
			compatibilityVersion = "Xcode 13.0";
			developmentRegion = en;
			hasScannedForEncodings = 0;
			knownRegions = (
				en,
				Base,
			);
			mainGroup = 728F540A285A86CE0083268F;
			productRefGroup = 728F5414285A86CE0083268F /* Products */;
			projectDirPath = "";
			projectRoot = "";
			targets = (
				728F5412285A86CE0083268F /* catsPOCSwft */,
				728F5428285A86D10083268F /* catsPOCSwftTests */,
				728F5432285A86D10083268F /* catsPOCSwftUITests */,
			);
		};
/* End PBXProject section */

/* Begin PBXResourcesBuildPhase section */
		728F5411285A86CE0083268F /* Resources */ = {
			isa = PBXResourcesBuildPhase;
			buildActionMask = 2147483647;
			files = (
				7262F852286290E800B08DC0 /* slide-2.json in Resources */,
				728F5423285A86D00083268F /* LaunchScreen.storyboard in Resources */,
				7262F84F286290D800B08DC0 /* slide-3.json in Resources */,
				728F5420285A86D00083268F /* Assets.xcassets in Resources */,
				728F541E285A86CE0083268F /* Main.storyboard in Resources */,
				7262F84C28628DF800B08DC0 /* slide-1.json in Resources */,
			);
			runOnlyForDeploymentPostprocessing = 0;
		};
		728F5427285A86D10083268F /* Resources */ = {
			isa = PBXResourcesBuildPhase;
			buildActionMask = 2147483647;
			files = (
			);
			runOnlyForDeploymentPostprocessing = 0;
		};
		728F5431285A86D10083268F /* Resources */ = {
			isa = PBXResourcesBuildPhase;
			buildActionMask = 2147483647;
			files = (
			);
			runOnlyForDeploymentPostprocessing = 0;
		};
/* End PBXResourcesBuildPhase section */

/* Begin PBXShellScriptBuildPhase section */
		12B69CD0E287DBEE8CC81000 /* [CP] Check Pods Manifest.lock */ = {
			isa = PBXShellScriptBuildPhase;
			buildActionMask = 2147483647;
			files = (
			);
			inputFileListPaths = (
			);
			inputPaths = (
				"${PODS_PODFILE_DIR_PATH}/Podfile.lock",
				"${PODS_ROOT}/Manifest.lock",
			);
			name = "[CP] Check Pods Manifest.lock";
			outputFileListPaths = (
			);
			outputPaths = (
				"$(DERIVED_FILE_DIR)/Pods-catsPOCSwft-catsPOCSwftUITests-checkManifestLockResult.txt",
			);
			runOnlyForDeploymentPostprocessing = 0;
			shellPath = /bin/sh;
			shellScript = "diff \"${PODS_PODFILE_DIR_PATH}/Podfile.lock\" \"${PODS_ROOT}/Manifest.lock\" > /dev/null\nif [ $? != 0 ] ; then\n    # print error to STDERR\n    echo \"error: The sandbox is not in sync with the Podfile.lock. Run 'pod install' or update your CocoaPods installation.\" >&2\n    exit 1\nfi\n# This output is used by Xcode 'outputs' to avoid re-running this script phase.\necho \"SUCCESS\" > \"${SCRIPT_OUTPUT_FILE_0}\"\n";
			showEnvVarsInLog = 0;
		};
		82F9BE43AA86B7B96E2EAFF6 /* [CP] Check Pods Manifest.lock */ = {
			isa = PBXShellScriptBuildPhase;
			buildActionMask = 2147483647;
			files = (
			);
			inputFileListPaths = (
			);
			inputPaths = (
				"${PODS_PODFILE_DIR_PATH}/Podfile.lock",
				"${PODS_ROOT}/Manifest.lock",
			);
			name = "[CP] Check Pods Manifest.lock";
			outputFileListPaths = (
			);
			outputPaths = (
				"$(DERIVED_FILE_DIR)/Pods-catsPOCSwftTests-checkManifestLockResult.txt",
			);
			runOnlyForDeploymentPostprocessing = 0;
			shellPath = /bin/sh;
			shellScript = "diff \"${PODS_PODFILE_DIR_PATH}/Podfile.lock\" \"${PODS_ROOT}/Manifest.lock\" > /dev/null\nif [ $? != 0 ] ; then\n    # print error to STDERR\n    echo \"error: The sandbox is not in sync with the Podfile.lock. Run 'pod install' or update your CocoaPods installation.\" >&2\n    exit 1\nfi\n# This output is used by Xcode 'outputs' to avoid re-running this script phase.\necho \"SUCCESS\" > \"${SCRIPT_OUTPUT_FILE_0}\"\n";
			showEnvVarsInLog = 0;
		};
		AD6DF607F90361CBA2468A5B /* [CP] Check Pods Manifest.lock */ = {
			isa = PBXShellScriptBuildPhase;
			buildActionMask = 2147483647;
			files = (
			);
			inputFileListPaths = (
			);
			inputPaths = (
				"${PODS_PODFILE_DIR_PATH}/Podfile.lock",
				"${PODS_ROOT}/Manifest.lock",
			);
			name = "[CP] Check Pods Manifest.lock";
			outputFileListPaths = (
			);
			outputPaths = (
				"$(DERIVED_FILE_DIR)/Pods-catsPOCSwft-checkManifestLockResult.txt",
			);
			runOnlyForDeploymentPostprocessing = 0;
			shellPath = /bin/sh;
			shellScript = "diff \"${PODS_PODFILE_DIR_PATH}/Podfile.lock\" \"${PODS_ROOT}/Manifest.lock\" > /dev/null\nif [ $? != 0 ] ; then\n    # print error to STDERR\n    echo \"error: The sandbox is not in sync with the Podfile.lock. Run 'pod install' or update your CocoaPods installation.\" >&2\n    exit 1\nfi\n# This output is used by Xcode 'outputs' to avoid re-running this script phase.\necho \"SUCCESS\" > \"${SCRIPT_OUTPUT_FILE_0}\"\n";
			showEnvVarsInLog = 0;
		};
		F5D643CD34340C2839CFBF68 /* [CP] Embed Pods Frameworks */ = {
			isa = PBXShellScriptBuildPhase;
			buildActionMask = 2147483647;
			files = (
			);
			inputFileListPaths = (
				"${PODS_ROOT}/Target Support Files/Pods-catsPOCSwft/Pods-catsPOCSwft-frameworks-${CONFIGURATION}-input-files.xcfilelist",
			);
			name = "[CP] Embed Pods Frameworks";
			outputFileListPaths = (
				"${PODS_ROOT}/Target Support Files/Pods-catsPOCSwft/Pods-catsPOCSwft-frameworks-${CONFIGURATION}-output-files.xcfilelist",
			);
			runOnlyForDeploymentPostprocessing = 0;
			shellPath = /bin/sh;
			shellScript = "\"${PODS_ROOT}/Target Support Files/Pods-catsPOCSwft/Pods-catsPOCSwft-frameworks.sh\"\n";
			showEnvVarsInLog = 0;
		};
		FFF2322AF5472E615EBE2F05 /* [CP] Embed Pods Frameworks */ = {
			isa = PBXShellScriptBuildPhase;
			buildActionMask = 2147483647;
			files = (
			);
			inputFileListPaths = (
				"${PODS_ROOT}/Target Support Files/Pods-catsPOCSwft-catsPOCSwftUITests/Pods-catsPOCSwft-catsPOCSwftUITests-frameworks-${CONFIGURATION}-input-files.xcfilelist",
			);
			name = "[CP] Embed Pods Frameworks";
			outputFileListPaths = (
				"${PODS_ROOT}/Target Support Files/Pods-catsPOCSwft-catsPOCSwftUITests/Pods-catsPOCSwft-catsPOCSwftUITests-frameworks-${CONFIGURATION}-output-files.xcfilelist",
			);
			runOnlyForDeploymentPostprocessing = 0;
			shellPath = /bin/sh;
			shellScript = "\"${PODS_ROOT}/Target Support Files/Pods-catsPOCSwft-catsPOCSwftUITests/Pods-catsPOCSwft-catsPOCSwftUITests-frameworks.sh\"\n";
			showEnvVarsInLog = 0;
		};
/* End PBXShellScriptBuildPhase section */

/* Begin PBXSourcesBuildPhase section */
		728F540F285A86CE0083268F /* Sources */ = {
			isa = PBXSourcesBuildPhase;
			buildActionMask = 2147483647;
			files = (
				7262F84A2862898000B08DC0 /* LottieViewController.swift in Sources */,
				725EE3CD285A9BA50066B6D0 /* ImagesViewController.swift in Sources */,
				725EE3CF285A9BB80066B6D0 /* VideoViewController.swift in Sources */,
				7262F845286278AE00B08DC0 /* pagerViewController.swift in Sources */,
				7220A168285D2E8F003E5436 /* CategoryDetailsViewController.swift in Sources */,
				728F541B285A86CE0083268F /* HomeScreenViewController.swift in Sources */,
				725EE3C9285A9B820066B6D0 /* BreedsViewController.swift in Sources */,
				7211198F286542A300CF33CD /* Helpers.swift in Sources */,
				72C63147285C008B00E52F00 /* CategoriesCollectionViewCell.swift in Sources */,
				7220A165285D1F1E003E5436 /* BreedDetailsViewController.swift in Sources */,
				725EE3D3285AAE8D0066B6D0 /* Breeds.swift in Sources */,
				72C6314A285C01C100E52F00 /* Categories.swift in Sources */,
				728F5417285A86CE0083268F /* AppDelegate.swift in Sources */,
				728F5419285A86CE0083268F /* SceneDelegate.swift in Sources */,
				7220A16A285D5317003E5436 /* CategoryDetailsCollectionViewCell.swift in Sources */,
				72C63144285BEEB100E52F00 /* BreedCollectionViewCell.swift in Sources */,
				72C6314C285C0CBA00E52F00 /* API.swift in Sources */,
				725EE3CB285A9B9C0066B6D0 /* CategoriesViewController.swift in Sources */,
			);
			runOnlyForDeploymentPostprocessing = 0;
		};
		728F5425285A86D10083268F /* Sources */ = {
			isa = PBXSourcesBuildPhase;
			buildActionMask = 2147483647;
			files = (
				728F542E285A86D10083268F /* catsPOCSwftTests.swift in Sources */,
			);
			runOnlyForDeploymentPostprocessing = 0;
		};
		728F542F285A86D10083268F /* Sources */ = {
			isa = PBXSourcesBuildPhase;
			buildActionMask = 2147483647;
			files = (
				728F543A285A86D10083268F /* catsPOCSwftUITestsLaunchTests.swift in Sources */,
				728F5438285A86D10083268F /* catsPOCSwftUITests.swift in Sources */,
			);
			runOnlyForDeploymentPostprocessing = 0;
		};
/* End PBXSourcesBuildPhase section */

/* Begin PBXTargetDependency section */
		728F542B285A86D10083268F /* PBXTargetDependency */ = {
			isa = PBXTargetDependency;
			target = 728F5412285A86CE0083268F /* catsPOCSwft */;
			targetProxy = 728F542A285A86D10083268F /* PBXContainerItemProxy */;
		};
		728F5435285A86D10083268F /* PBXTargetDependency */ = {
			isa = PBXTargetDependency;
			target = 728F5412285A86CE0083268F /* catsPOCSwft */;
			targetProxy = 728F5434285A86D10083268F /* PBXContainerItemProxy */;
		};
/* End PBXTargetDependency section */

/* Begin PBXVariantGroup section */
		728F541C285A86CE0083268F /* Main.storyboard */ = {
			isa = PBXVariantGroup;
			children = (
				728F541D285A86CE0083268F /* Base */,
			);
			name = Main.storyboard;
			sourceTree = "<group>";
		};
		728F5421285A86D00083268F /* LaunchScreen.storyboard */ = {
			isa = PBXVariantGroup;
			children = (
				728F5422285A86D00083268F /* Base */,
			);
			name = LaunchScreen.storyboard;
			sourceTree = "<group>";
		};
/* End PBXVariantGroup section */

/* Begin XCBuildConfiguration section */
		728F543B285A86D10083268F /* Debug */ = {
			isa = XCBuildConfiguration;
			buildSettings = {
				ALWAYS_SEARCH_USER_PATHS = NO;
				CLANG_ANALYZER_NONNULL = YES;
				CLANG_ANALYZER_NUMBER_OBJECT_CONVERSION = YES_AGGRESSIVE;
				CLANG_CXX_LANGUAGE_STANDARD = "gnu++17";
				CLANG_ENABLE_MODULES = YES;
				CLANG_ENABLE_OBJC_ARC = YES;
				CLANG_ENABLE_OBJC_WEAK = YES;
				CLANG_WARN_BLOCK_CAPTURE_AUTORELEASING = YES;
				CLANG_WARN_BOOL_CONVERSION = YES;
				CLANG_WARN_COMMA = YES;
				CLANG_WARN_CONSTANT_CONVERSION = YES;
				CLANG_WARN_DEPRECATED_OBJC_IMPLEMENTATIONS = YES;
				CLANG_WARN_DIRECT_OBJC_ISA_USAGE = YES_ERROR;
				CLANG_WARN_DOCUMENTATION_COMMENTS = YES;
				CLANG_WARN_EMPTY_BODY = YES;
				CLANG_WARN_ENUM_CONVERSION = YES;
				CLANG_WARN_INFINITE_RECURSION = YES;
				CLANG_WARN_INT_CONVERSION = YES;
				CLANG_WARN_NON_LITERAL_NULL_CONVERSION = YES;
				CLANG_WARN_OBJC_IMPLICIT_RETAIN_SELF = YES;
				CLANG_WARN_OBJC_LITERAL_CONVERSION = YES;
				CLANG_WARN_OBJC_ROOT_CLASS = YES_ERROR;
				CLANG_WARN_QUOTED_INCLUDE_IN_FRAMEWORK_HEADER = YES;
				CLANG_WARN_RANGE_LOOP_ANALYSIS = YES;
				CLANG_WARN_STRICT_PROTOTYPES = YES;
				CLANG_WARN_SUSPICIOUS_MOVE = YES;
				CLANG_WARN_UNGUARDED_AVAILABILITY = YES_AGGRESSIVE;
				CLANG_WARN_UNREACHABLE_CODE = YES;
				CLANG_WARN__DUPLICATE_METHOD_MATCH = YES;
				COPY_PHASE_STRIP = NO;
				DEBUG_INFORMATION_FORMAT = dwarf;
				ENABLE_STRICT_OBJC_MSGSEND = YES;
				ENABLE_TESTABILITY = YES;
				GCC_C_LANGUAGE_STANDARD = gnu11;
				GCC_DYNAMIC_NO_PIC = NO;
				GCC_NO_COMMON_BLOCKS = YES;
				GCC_OPTIMIZATION_LEVEL = 0;
				GCC_PREPROCESSOR_DEFINITIONS = (
					"DEBUG=1",
					"$(inherited)",
				);
				GCC_WARN_64_TO_32_BIT_CONVERSION = YES;
				GCC_WARN_ABOUT_RETURN_TYPE = YES_ERROR;
				GCC_WARN_UNDECLARED_SELECTOR = YES;
				GCC_WARN_UNINITIALIZED_AUTOS = YES_AGGRESSIVE;
				GCC_WARN_UNUSED_FUNCTION = YES;
				GCC_WARN_UNUSED_VARIABLE = YES;
				IPHONEOS_DEPLOYMENT_TARGET = 15.4;
				MTL_ENABLE_DEBUG_INFO = INCLUDE_SOURCE;
				MTL_FAST_MATH = YES;
				ONLY_ACTIVE_ARCH = YES;
				SDKROOT = iphoneos;
				SWIFT_ACTIVE_COMPILATION_CONDITIONS = DEBUG;
				SWIFT_OPTIMIZATION_LEVEL = "-Onone";
			};
			name = Debug;
		};
		728F543C285A86D10083268F /* Release */ = {
			isa = XCBuildConfiguration;
			buildSettings = {
				ALWAYS_SEARCH_USER_PATHS = NO;
				CLANG_ANALYZER_NONNULL = YES;
				CLANG_ANALYZER_NUMBER_OBJECT_CONVERSION = YES_AGGRESSIVE;
				CLANG_CXX_LANGUAGE_STANDARD = "gnu++17";
				CLANG_ENABLE_MODULES = YES;
				CLANG_ENABLE_OBJC_ARC = YES;
				CLANG_ENABLE_OBJC_WEAK = YES;
				CLANG_WARN_BLOCK_CAPTURE_AUTORELEASING = YES;
				CLANG_WARN_BOOL_CONVERSION = YES;
				CLANG_WARN_COMMA = YES;
				CLANG_WARN_CONSTANT_CONVERSION = YES;
				CLANG_WARN_DEPRECATED_OBJC_IMPLEMENTATIONS = YES;
				CLANG_WARN_DIRECT_OBJC_ISA_USAGE = YES_ERROR;
				CLANG_WARN_DOCUMENTATION_COMMENTS = YES;
				CLANG_WARN_EMPTY_BODY = YES;
				CLANG_WARN_ENUM_CONVERSION = YES;
				CLANG_WARN_INFINITE_RECURSION = YES;
				CLANG_WARN_INT_CONVERSION = YES;
				CLANG_WARN_NON_LITERAL_NULL_CONVERSION = YES;
				CLANG_WARN_OBJC_IMPLICIT_RETAIN_SELF = YES;
				CLANG_WARN_OBJC_LITERAL_CONVERSION = YES;
				CLANG_WARN_OBJC_ROOT_CLASS = YES_ERROR;
				CLANG_WARN_QUOTED_INCLUDE_IN_FRAMEWORK_HEADER = YES;
				CLANG_WARN_RANGE_LOOP_ANALYSIS = YES;
				CLANG_WARN_STRICT_PROTOTYPES = YES;
				CLANG_WARN_SUSPICIOUS_MOVE = YES;
				CLANG_WARN_UNGUARDED_AVAILABILITY = YES_AGGRESSIVE;
				CLANG_WARN_UNREACHABLE_CODE = YES;
				CLANG_WARN__DUPLICATE_METHOD_MATCH = YES;
				COPY_PHASE_STRIP = NO;
				DEBUG_INFORMATION_FORMAT = "dwarf-with-dsym";
				ENABLE_NS_ASSERTIONS = NO;
				ENABLE_STRICT_OBJC_MSGSEND = YES;
				GCC_C_LANGUAGE_STANDARD = gnu11;
				GCC_NO_COMMON_BLOCKS = YES;
				GCC_WARN_64_TO_32_BIT_CONVERSION = YES;
				GCC_WARN_ABOUT_RETURN_TYPE = YES_ERROR;
				GCC_WARN_UNDECLARED_SELECTOR = YES;
				GCC_WARN_UNINITIALIZED_AUTOS = YES_AGGRESSIVE;
				GCC_WARN_UNUSED_FUNCTION = YES;
				GCC_WARN_UNUSED_VARIABLE = YES;
				IPHONEOS_DEPLOYMENT_TARGET = 15.4;
				MTL_ENABLE_DEBUG_INFO = NO;
				MTL_FAST_MATH = YES;
				SDKROOT = iphoneos;
				SWIFT_COMPILATION_MODE = wholemodule;
				SWIFT_OPTIMIZATION_LEVEL = "-O";
				VALIDATE_PRODUCT = YES;
			};
			name = Release;
		};
		728F543E285A86D10083268F /* Debug */ = {
			isa = XCBuildConfiguration;
			baseConfigurationReference = 86097206ABBB040110B26679 /* Pods-catsPOCSwft.debug.xcconfig */;
			buildSettings = {
				ASSETCATALOG_COMPILER_APPICON_NAME = AppIcon;
				ASSETCATALOG_COMPILER_GLOBAL_ACCENT_COLOR_NAME = AccentColor;
				CODE_SIGN_STYLE = Automatic;
				CURRENT_PROJECT_VERSION = 1;
				DEVELOPMENT_TEAM = G33X3RXKS7;
				GENERATE_INFOPLIST_FILE = YES;
				INFOPLIST_FILE = catsPOCSwft/Info.plist;
				INFOPLIST_KEY_CFBundleDisplayName = "Cats! (iOS)";
				INFOPLIST_KEY_UIApplicationSupportsIndirectInputEvents = YES;
				INFOPLIST_KEY_UILaunchStoryboardName = LaunchScreen;
				INFOPLIST_KEY_UIMainStoryboardFile = Main;
				INFOPLIST_KEY_UISupportedInterfaceOrientations_iPad = "UIInterfaceOrientationPortrait UIInterfaceOrientationPortraitUpsideDown UIInterfaceOrientationLandscapeLeft UIInterfaceOrientationLandscapeRight";
				INFOPLIST_KEY_UISupportedInterfaceOrientations_iPhone = "UIInterfaceOrientationPortrait UIInterfaceOrientationLandscapeLeft UIInterfaceOrientationLandscapeRight";
				IPHONEOS_DEPLOYMENT_TARGET = 14.0;
				LD_RUNPATH_SEARCH_PATHS = (
					"$(inherited)",
					"@executable_path/Frameworks",
				);
				MARKETING_VERSION = 1.0;
				PRODUCT_BUNDLE_IDENTIFIER = catspoc.toyproject.catsPOCSwft;
				PRODUCT_NAME = "$(TARGET_NAME)";
				SWIFT_EMIT_LOC_STRINGS = YES;
				SWIFT_VERSION = 5.0;
				TARGETED_DEVICE_FAMILY = "1,2";
			};
			name = Debug;
		};
		728F543F285A86D10083268F /* Release */ = {
			isa = XCBuildConfiguration;
			baseConfigurationReference = A5AD23D509CEA04B89380954 /* Pods-catsPOCSwft.release.xcconfig */;
			buildSettings = {
				ASSETCATALOG_COMPILER_APPICON_NAME = AppIcon;
				ASSETCATALOG_COMPILER_GLOBAL_ACCENT_COLOR_NAME = AccentColor;
				CODE_SIGN_STYLE = Automatic;
				CURRENT_PROJECT_VERSION = 1;
				DEVELOPMENT_TEAM = G33X3RXKS7;
				GENERATE_INFOPLIST_FILE = YES;
				INFOPLIST_FILE = catsPOCSwft/Info.plist;
				INFOPLIST_KEY_CFBundleDisplayName = "Cats! (iOS)";
				INFOPLIST_KEY_UIApplicationSupportsIndirectInputEvents = YES;
				INFOPLIST_KEY_UILaunchStoryboardName = LaunchScreen;
				INFOPLIST_KEY_UIMainStoryboardFile = Main;
				INFOPLIST_KEY_UISupportedInterfaceOrientations_iPad = "UIInterfaceOrientationPortrait UIInterfaceOrientationPortraitUpsideDown UIInterfaceOrientationLandscapeLeft UIInterfaceOrientationLandscapeRight";
				INFOPLIST_KEY_UISupportedInterfaceOrientations_iPhone = "UIInterfaceOrientationPortrait UIInterfaceOrientationLandscapeLeft UIInterfaceOrientationLandscapeRight";
				IPHONEOS_DEPLOYMENT_TARGET = 14.0;
				LD_RUNPATH_SEARCH_PATHS = (
					"$(inherited)",
					"@executable_path/Frameworks",
				);
				MARKETING_VERSION = 1.0;
				PRODUCT_BUNDLE_IDENTIFIER = catspoc.toyproject.catsPOCSwft;
				PRODUCT_NAME = "$(TARGET_NAME)";
				SWIFT_EMIT_LOC_STRINGS = YES;
				SWIFT_VERSION = 5.0;
				TARGETED_DEVICE_FAMILY = "1,2";
			};
			name = Release;
		};
		728F5441285A86D10083268F /* Debug */ = {
			isa = XCBuildConfiguration;
			baseConfigurationReference = FD2BC526AD8892E43A24F52B /* Pods-catsPOCSwftTests.debug.xcconfig */;
			buildSettings = {
				ALWAYS_EMBED_SWIFT_STANDARD_LIBRARIES = YES;
				BUNDLE_LOADER = "$(TEST_HOST)";
				CODE_SIGN_STYLE = Automatic;
				CURRENT_PROJECT_VERSION = 1;
				DEVELOPMENT_TEAM = G33X3RXKS7;
				GENERATE_INFOPLIST_FILE = YES;
				IPHONEOS_DEPLOYMENT_TARGET = 15.4;
				MARKETING_VERSION = 1.0;
				PRODUCT_BUNDLE_IDENTIFIER = catspoc.toyproject.catsPOCSwftTests;
				PRODUCT_NAME = "$(TARGET_NAME)";
				SWIFT_EMIT_LOC_STRINGS = NO;
				SWIFT_VERSION = 5.0;
				TARGETED_DEVICE_FAMILY = "1,2";
				TEST_HOST = "$(BUILT_PRODUCTS_DIR)/catsPOCSwft.app/catsPOCSwft";
			};
			name = Debug;
		};
		728F5442285A86D10083268F /* Release */ = {
			isa = XCBuildConfiguration;
			baseConfigurationReference = 1CFCB56F169C769A9F6F9433 /* Pods-catsPOCSwftTests.release.xcconfig */;
			buildSettings = {
				ALWAYS_EMBED_SWIFT_STANDARD_LIBRARIES = YES;
				BUNDLE_LOADER = "$(TEST_HOST)";
				CODE_SIGN_STYLE = Automatic;
				CURRENT_PROJECT_VERSION = 1;
				DEVELOPMENT_TEAM = G33X3RXKS7;
				GENERATE_INFOPLIST_FILE = YES;
				IPHONEOS_DEPLOYMENT_TARGET = 15.4;
				MARKETING_VERSION = 1.0;
				PRODUCT_BUNDLE_IDENTIFIER = catspoc.toyproject.catsPOCSwftTests;
				PRODUCT_NAME = "$(TARGET_NAME)";
				SWIFT_EMIT_LOC_STRINGS = NO;
				SWIFT_VERSION = 5.0;
				TARGETED_DEVICE_FAMILY = "1,2";
				TEST_HOST = "$(BUILT_PRODUCTS_DIR)/catsPOCSwft.app/catsPOCSwft";
			};
			name = Release;
		};
		728F5444285A86D10083268F /* Debug */ = {
			isa = XCBuildConfiguration;
			baseConfigurationReference = 7AB4319E8CDFCD0C311DF50E /* Pods-catsPOCSwft-catsPOCSwftUITests.debug.xcconfig */;
			buildSettings = {
				ALWAYS_EMBED_SWIFT_STANDARD_LIBRARIES = YES;
				CODE_SIGN_STYLE = Automatic;
				CURRENT_PROJECT_VERSION = 1;
				DEVELOPMENT_TEAM = G33X3RXKS7;
				GENERATE_INFOPLIST_FILE = YES;
				MARKETING_VERSION = 1.0;
				PRODUCT_BUNDLE_IDENTIFIER = catspoc.toyproject.catsPOCSwftUITests;
				PRODUCT_NAME = "$(TARGET_NAME)";
				SWIFT_EMIT_LOC_STRINGS = NO;
				SWIFT_VERSION = 5.0;
				TARGETED_DEVICE_FAMILY = "1,2";
				TEST_TARGET_NAME = catsPOCSwft;
			};
			name = Debug;
		};
		728F5445285A86D10083268F /* Release */ = {
			isa = XCBuildConfiguration;
			baseConfigurationReference = 2CE1A8D216EEA73DCF65E462 /* Pods-catsPOCSwft-catsPOCSwftUITests.release.xcconfig */;
			buildSettings = {
				ALWAYS_EMBED_SWIFT_STANDARD_LIBRARIES = YES;
				CODE_SIGN_STYLE = Automatic;
				CURRENT_PROJECT_VERSION = 1;
				DEVELOPMENT_TEAM = G33X3RXKS7;
				GENERATE_INFOPLIST_FILE = YES;
				MARKETING_VERSION = 1.0;
				PRODUCT_BUNDLE_IDENTIFIER = catspoc.toyproject.catsPOCSwftUITests;
				PRODUCT_NAME = "$(TARGET_NAME)";
				SWIFT_EMIT_LOC_STRINGS = NO;
				SWIFT_VERSION = 5.0;
				TARGETED_DEVICE_FAMILY = "1,2";
				TEST_TARGET_NAME = catsPOCSwft;
			};
			name = Release;
		};
/* End XCBuildConfiguration section */

/* Begin XCConfigurationList section */
		728F540E285A86CE0083268F /* Build configuration list for PBXProject "catsPOCSwft" */ = {
			isa = XCConfigurationList;
			buildConfigurations = (
				728F543B285A86D10083268F /* Debug */,
				728F543C285A86D10083268F /* Release */,
			);
			defaultConfigurationIsVisible = 0;
			defaultConfigurationName = Release;
		};
		728F543D285A86D10083268F /* Build configuration list for PBXNativeTarget "catsPOCSwft" */ = {
			isa = XCConfigurationList;
			buildConfigurations = (
				728F543E285A86D10083268F /* Debug */,
				728F543F285A86D10083268F /* Release */,
			);
			defaultConfigurationIsVisible = 0;
			defaultConfigurationName = Release;
		};
		728F5440285A86D10083268F /* Build configuration list for PBXNativeTarget "catsPOCSwftTests" */ = {
			isa = XCConfigurationList;
			buildConfigurations = (
				728F5441285A86D10083268F /* Debug */,
				728F5442285A86D10083268F /* Release */,
			);
			defaultConfigurationIsVisible = 0;
			defaultConfigurationName = Release;
		};
		728F5443285A86D10083268F /* Build configuration list for PBXNativeTarget "catsPOCSwftUITests" */ = {
			isa = XCConfigurationList;
			buildConfigurations = (
				728F5444285A86D10083268F /* Debug */,
				728F5445285A86D10083268F /* Release */,
			);
			defaultConfigurationIsVisible = 0;
			defaultConfigurationName = Release;
		};
/* End XCConfigurationList section */
	};
	rootObject = 728F540B285A86CE0083268F /* Project object */;
}
